// !$*UTF8*$!
{
	archiveVersion = 1;
	classes = {
	};
	objectVersion = 55;
	objects = {

/* Begin PBXBuildFile section */
		29AD97F428056480009A146D /* FormRowLinkView.swift in Sources */ = {isa = PBXBuildFile; fileRef = 29AD97F328056480009A146D /* FormRowLinkView.swift */; };
		29AD97F528056480009A146D /* FormRowLinkView.swift in Sources */ = {isa = PBXBuildFile; fileRef = 29AD97F328056480009A146D /* FormRowLinkView.swift */; };
		29AD97F72805659C009A146D /* FormRowStaticView.swift in Sources */ = {isa = PBXBuildFile; fileRef = 29AD97F62805659C009A146D /* FormRowStaticView.swift */; };
		29AD97F82805659C009A146D /* FormRowStaticView.swift in Sources */ = {isa = PBXBuildFile; fileRef = 29AD97F62805659C009A146D /* FormRowStaticView.swift */; };
		29AD97FA28056A07009A146D /* SettingsView.swift in Sources */ = {isa = PBXBuildFile; fileRef = 29AD97F928056A07009A146D /* SettingsView.swift */; };
		29AD97FB28056A07009A146D /* SettingsView.swift in Sources */ = {isa = PBXBuildFile; fileRef = 29AD97F928056A07009A146D /* SettingsView.swift */; };
		29AD97FD28057DA9009A146D /* EmptyListView.swift in Sources */ = {isa = PBXBuildFile; fileRef = 29AD97FC28057DA9009A146D /* EmptyListView.swift */; };
		29AD97FE28057DA9009A146D /* EmptyListView.swift in Sources */ = {isa = PBXBuildFile; fileRef = 29AD97FC28057DA9009A146D /* EmptyListView.swift */; };
		29AD980028058B94009A146D /* AddTodoView.swift in Sources */ = {isa = PBXBuildFile; fileRef = 29AD97FF28058B94009A146D /* AddTodoView.swift */; };
		29AD980128058B94009A146D /* AddTodoView.swift in Sources */ = {isa = PBXBuildFile; fileRef = 29AD97FF28058B94009A146D /* AddTodoView.swift */; };
		29DF02E02804449D007E23B3 /* coreDataSwiftUi.xcdatamodeld in Sources */ = {isa = PBXBuildFile; fileRef = 29DF02CD2804449D007E23B3 /* coreDataSwiftUi.xcdatamodeld */; };
		29DF02E12804449D007E23B3 /* coreDataSwiftUi.xcdatamodeld in Sources */ = {isa = PBXBuildFile; fileRef = 29DF02CD2804449D007E23B3 /* coreDataSwiftUi.xcdatamodeld */; };
		29DF02E22804449D007E23B3 /* coreDataSwiftUiApp.swift in Sources */ = {isa = PBXBuildFile; fileRef = 29DF02CF2804449D007E23B3 /* coreDataSwiftUiApp.swift */; };
		29DF02E32804449D007E23B3 /* coreDataSwiftUiApp.swift in Sources */ = {isa = PBXBuildFile; fileRef = 29DF02CF2804449D007E23B3 /* coreDataSwiftUiApp.swift */; };
		29DF02E42804449D007E23B3 /* ContentView.swift in Sources */ = {isa = PBXBuildFile; fileRef = 29DF02D02804449D007E23B3 /* ContentView.swift */; };
		29DF02E52804449D007E23B3 /* ContentView.swift in Sources */ = {isa = PBXBuildFile; fileRef = 29DF02D02804449D007E23B3 /* ContentView.swift */; };
		29DF02E62804449D007E23B3 /* Persistence.swift in Sources */ = {isa = PBXBuildFile; fileRef = 29DF02D12804449D007E23B3 /* Persistence.swift */; };
		29DF02E72804449D007E23B3 /* Persistence.swift in Sources */ = {isa = PBXBuildFile; fileRef = 29DF02D12804449D007E23B3 /* Persistence.swift */; };
		29DF02E82804449D007E23B3 /* Assets.xcassets in Resources */ = {isa = PBXBuildFile; fileRef = 29DF02D22804449D007E23B3 /* Assets.xcassets */; };
		29DF02E92804449D007E23B3 /* Assets.xcassets in Resources */ = {isa = PBXBuildFile; fileRef = 29DF02D22804449D007E23B3 /* Assets.xcassets */; };
/* End PBXBuildFile section */

/* Begin PBXFileReference section */
		29AD97F328056480009A146D /* FormRowLinkView.swift */ = {isa = PBXFileReference; lastKnownFileType = sourcecode.swift; path = FormRowLinkView.swift; sourceTree = "<group>"; };
		29AD97F62805659C009A146D /* FormRowStaticView.swift */ = {isa = PBXFileReference; lastKnownFileType = sourcecode.swift; path = FormRowStaticView.swift; sourceTree = "<group>"; };
		29AD97F928056A07009A146D /* SettingsView.swift */ = {isa = PBXFileReference; lastKnownFileType = sourcecode.swift; path = SettingsView.swift; sourceTree = "<group>"; };
		29AD97FC28057DA9009A146D /* EmptyListView.swift */ = {isa = PBXFileReference; lastKnownFileType = sourcecode.swift; path = EmptyListView.swift; sourceTree = "<group>"; };
		29AD97FF28058B94009A146D /* AddTodoView.swift */ = {isa = PBXFileReference; lastKnownFileType = sourcecode.swift; path = AddTodoView.swift; sourceTree = "<group>"; };
		29DF02CE2804449D007E23B3 /* Shared.xcdatamodel */ = {isa = PBXFileReference; lastKnownFileType = wrapper.xcdatamodel; path = Shared.xcdatamodel; sourceTree = "<group>"; };
		29DF02CF2804449D007E23B3 /* coreDataSwiftUiApp.swift */ = {isa = PBXFileReference; lastKnownFileType = sourcecode.swift; path = coreDataSwiftUiApp.swift; sourceTree = "<group>"; };
		29DF02D02804449D007E23B3 /* ContentView.swift */ = {isa = PBXFileReference; lastKnownFileType = sourcecode.swift; path = ContentView.swift; sourceTree = "<group>"; };
		29DF02D12804449D007E23B3 /* Persistence.swift */ = {isa = PBXFileReference; lastKnownFileType = sourcecode.swift; path = Persistence.swift; sourceTree = "<group>"; };
		29DF02D22804449D007E23B3 /* Assets.xcassets */ = {isa = PBXFileReference; lastKnownFileType = folder.assetcatalog; path = Assets.xcassets; sourceTree = "<group>"; };
		29DF02D72804449D007E23B3 /* coreDataSwiftUi.app */ = {isa = PBXFileReference; explicitFileType = wrapper.application; includeInIndex = 0; path = coreDataSwiftUi.app; sourceTree = BUILT_PRODUCTS_DIR; };
		29DF02DD2804449D007E23B3 /* coreDataSwiftUi.app */ = {isa = PBXFileReference; explicitFileType = wrapper.application; includeInIndex = 0; path = coreDataSwiftUi.app; sourceTree = BUILT_PRODUCTS_DIR; };
		29DF02DF2804449D007E23B3 /* macOS.entitlements */ = {isa = PBXFileReference; lastKnownFileType = text.plist.entitlements; path = macOS.entitlements; sourceTree = "<group>"; };
/* End PBXFileReference section */

/* Begin PBXFrameworksBuildPhase section */
		29DF02D42804449D007E23B3 /* Frameworks */ = {
			isa = PBXFrameworksBuildPhase;
			buildActionMask = 2147483647;
			files = (
			);
			runOnlyForDeploymentPostprocessing = 0;
		};
		29DF02DA2804449D007E23B3 /* Frameworks */ = {
			isa = PBXFrameworksBuildPhase;
			buildActionMask = 2147483647;
			files = (
			);
			runOnlyForDeploymentPostprocessing = 0;
		};
/* End PBXFrameworksBuildPhase section */

/* Begin PBXGroup section */
		29DF02C72804449D007E23B3 = {
			isa = PBXGroup;
			children = (
				29DF02CC2804449D007E23B3 /* Shared */,
				29DF02DE2804449D007E23B3 /* macOS */,
				29DF02D82804449D007E23B3 /* Products */,
			);
			sourceTree = "<group>";
		};
		29DF02CC2804449D007E23B3 /* Shared */ = {
			isa = PBXGroup;
			children = (
				29DF02CF2804449D007E23B3 /* coreDataSwiftUiApp.swift */,
				29DF02D02804449D007E23B3 /* ContentView.swift */,
				29AD97FF28058B94009A146D /* AddTodoView.swift */,
				29AD97FC28057DA9009A146D /* EmptyListView.swift */,
				29AD97F928056A07009A146D /* SettingsView.swift */,
				29AD97F62805659C009A146D /* FormRowStaticView.swift */,
				29AD97F328056480009A146D /* FormRowLinkView.swift */,
				29DF02D22804449D007E23B3 /* Assets.xcassets */,
				29DF02CD2804449D007E23B3 /* coreDataSwiftUi.xcdatamodeld */,
				29DF02D12804449D007E23B3 /* Persistence.swift */,
			);
			path = Shared;
			sourceTree = "<group>";
		};
		29DF02D82804449D007E23B3 /* Products */ = {
			isa = PBXGroup;
			children = (
				29DF02D72804449D007E23B3 /* coreDataSwiftUi.app */,
				29DF02DD2804449D007E23B3 /* coreDataSwiftUi.app */,
			);
			name = Products;
			sourceTree = "<group>";
		};
		29DF02DE2804449D007E23B3 /* macOS */ = {
			isa = PBXGroup;
			children = (
				29DF02DF2804449D007E23B3 /* macOS.entitlements */,
			);
			path = macOS;
			sourceTree = "<group>";
		};
/* End PBXGroup section */

/* Begin PBXNativeTarget section */
		29DF02D62804449D007E23B3 /* coreDataSwiftUi (iOS) */ = {
			isa = PBXNativeTarget;
			buildConfigurationList = 29DF02EC2804449D007E23B3 /* Build configuration list for PBXNativeTarget "coreDataSwiftUi (iOS)" */;
			buildPhases = (
				29DF02D32804449D007E23B3 /* Sources */,
				29DF02D42804449D007E23B3 /* Frameworks */,
				29DF02D52804449D007E23B3 /* Resources */,
			);
			buildRules = (
			);
			dependencies = (
			);
			name = "coreDataSwiftUi (iOS)";
			productName = "coreDataSwiftUi (iOS)";
			productReference = 29DF02D72804449D007E23B3 /* coreDataSwiftUi.app */;
			productType = "com.apple.product-type.application";
		};
		29DF02DC2804449D007E23B3 /* coreDataSwiftUi (macOS) */ = {
			isa = PBXNativeTarget;
			buildConfigurationList = 29DF02EF2804449D007E23B3 /* Build configuration list for PBXNativeTarget "coreDataSwiftUi (macOS)" */;
			buildPhases = (
				29DF02D92804449D007E23B3 /* Sources */,
				29DF02DA2804449D007E23B3 /* Frameworks */,
				29DF02DB2804449D007E23B3 /* Resources */,
			);
			buildRules = (
			);
			dependencies = (
			);
			name = "coreDataSwiftUi (macOS)";
			productName = "coreDataSwiftUi (macOS)";
			productReference = 29DF02DD2804449D007E23B3 /* coreDataSwiftUi.app */;
			productType = "com.apple.product-type.application";
		};
/* End PBXNativeTarget section */

/* Begin PBXProject section */
		29DF02C82804449D007E23B3 /* Project object */ = {
			isa = PBXProject;
			attributes = {
				BuildIndependentTargetsInParallel = 1;
				LastSwiftUpdateCheck = 1310;
				LastUpgradeCheck = 1310;
				TargetAttributes = {
					29DF02D62804449D007E23B3 = {
						CreatedOnToolsVersion = 13.1;
					};
					29DF02DC2804449D007E23B3 = {
						CreatedOnToolsVersion = 13.1;
					};
				};
			};
			buildConfigurationList = 29DF02CB2804449D007E23B3 /* Build configuration list for PBXProject "coreDataSwiftUi" */;
			compatibilityVersion = "Xcode 13.0";
			developmentRegion = en;
			hasScannedForEncodings = 0;
			knownRegions = (
				en,
				Base,
			);
			mainGroup = 29DF02C72804449D007E23B3;
			productRefGroup = 29DF02D82804449D007E23B3 /* Products */;
			projectDirPath = "";
			projectRoot = "";
			targets = (
				29DF02D62804449D007E23B3 /* coreDataSwiftUi (iOS) */,
				29DF02DC2804449D007E23B3 /* coreDataSwiftUi (macOS) */,
			);
		};
/* End PBXProject section */

/* Begin PBXResourcesBuildPhase section */
		29DF02D52804449D007E23B3 /* Resources */ = {
			isa = PBXResourcesBuildPhase;
			buildActionMask = 2147483647;
			files = (
				29DF02E82804449D007E23B3 /* Assets.xcassets in Resources */,
			);
			runOnlyForDeploymentPostprocessing = 0;
		};
		29DF02DB2804449D007E23B3 /* Resources */ = {
			isa = PBXResourcesBuildPhase;
			buildActionMask = 2147483647;
			files = (
				29DF02E92804449D007E23B3 /* Assets.xcassets in Resources */,
			);
			runOnlyForDeploymentPostprocessing = 0;
		};
/* End PBXResourcesBuildPhase section */

/* Begin PBXSourcesBuildPhase section */
		29DF02D32804449D007E23B3 /* Sources */ = {
			isa = PBXSourcesBuildPhase;
			buildActionMask = 2147483647;
			files = (
				29AD97FA28056A07009A146D /* SettingsView.swift in Sources */,
				29AD97F428056480009A146D /* FormRowLinkView.swift in Sources */,
				29AD980028058B94009A146D /* AddTodoView.swift in Sources */,
				29AD97F72805659C009A146D /* FormRowStaticView.swift in Sources */,
				29DF02E22804449D007E23B3 /* coreDataSwiftUiApp.swift in Sources */,
				29AD97FD28057DA9009A146D /* EmptyListView.swift in Sources */,
				29DF02E62804449D007E23B3 /* Persistence.swift in Sources */,
				29DF02E02804449D007E23B3 /* coreDataSwiftUi.xcdatamodeld in Sources */,
				29DF02E42804449D007E23B3 /* ContentView.swift in Sources */,
			);
			runOnlyForDeploymentPostprocessing = 0;
		};
		29DF02D92804449D007E23B3 /* Sources */ = {
			isa = PBXSourcesBuildPhase;
			buildActionMask = 2147483647;
			files = (
				29AD97FB28056A07009A146D /* SettingsView.swift in Sources */,
				29AD97F528056480009A146D /* FormRowLinkView.swift in Sources */,
				29AD980128058B94009A146D /* AddTodoView.swift in Sources */,
				29AD97F82805659C009A146D /* FormRowStaticView.swift in Sources */,
				29DF02E32804449D007E23B3 /* coreDataSwiftUiApp.swift in Sources */,
				29AD97FE28057DA9009A146D /* EmptyListView.swift in Sources */,
				29DF02E72804449D007E23B3 /* Persistence.swift in Sources */,
				29DF02E12804449D007E23B3 /* coreDataSwiftUi.xcdatamodeld in Sources */,
				29DF02E52804449D007E23B3 /* ContentView.swift in Sources */,
			);
			runOnlyForDeploymentPostprocessing = 0;
		};
/* End PBXSourcesBuildPhase section */

/* Begin XCBuildConfiguration section */
		29DF02EA2804449D007E23B3 /* Debug */ = {
			isa = XCBuildConfiguration;
			buildSettings = {
				ALWAYS_SEARCH_USER_PATHS = NO;
				CLANG_ANALYZER_NONNULL = YES;
				CLANG_ANALYZER_NUMBER_OBJECT_CONVERSION = YES_AGGRESSIVE;
				CLANG_CXX_LANGUAGE_STANDARD = "gnu++17";
				CLANG_CXX_LIBRARY = "libc++";
				CLANG_ENABLE_MODULES = YES;
				CLANG_ENABLE_OBJC_ARC = YES;
				CLANG_ENABLE_OBJC_WEAK = YES;
				CLANG_WARN_BLOCK_CAPTURE_AUTORELEASING = YES;
				CLANG_WARN_BOOL_CONVERSION = YES;
				CLANG_WARN_COMMA = YES;
				CLANG_WARN_CONSTANT_CONVERSION = YES;
				CLANG_WARN_DEPRECATED_OBJC_IMPLEMENTATIONS = YES;
				CLANG_WARN_DIRECT_OBJC_ISA_USAGE = YES_ERROR;
				CLANG_WARN_DOCUMENTATION_COMMENTS = YES;
				CLANG_WARN_EMPTY_BODY = YES;
				CLANG_WARN_ENUM_CONVERSION = YES;
				CLANG_WARN_INFINITE_RECURSION = YES;
				CLANG_WARN_INT_CONVERSION = YES;
				CLANG_WARN_NON_LITERAL_NULL_CONVERSION = YES;
				CLANG_WARN_OBJC_IMPLICIT_RETAIN_SELF = YES;
				CLANG_WARN_OBJC_LITERAL_CONVERSION = YES;
				CLANG_WARN_OBJC_ROOT_CLASS = YES_ERROR;
				CLANG_WARN_QUOTED_INCLUDE_IN_FRAMEWORK_HEADER = YES;
				CLANG_WARN_RANGE_LOOP_ANALYSIS = YES;
				CLANG_WARN_STRICT_PROTOTYPES = YES;
				CLANG_WARN_SUSPICIOUS_MOVE = YES;
				CLANG_WARN_UNGUARDED_AVAILABILITY = YES_AGGRESSIVE;
				CLANG_WARN_UNREACHABLE_CODE = YES;
				CLANG_WARN__DUPLICATE_METHOD_MATCH = YES;
				COPY_PHASE_STRIP = NO;
				DEBUG_INFORMATION_FORMAT = dwarf;
				ENABLE_STRICT_OBJC_MSGSEND = YES;
				ENABLE_TESTABILITY = YES;
				GCC_C_LANGUAGE_STANDARD = gnu11;
				GCC_DYNAMIC_NO_PIC = NO;
				GCC_NO_COMMON_BLOCKS = YES;
				GCC_OPTIMIZATION_LEVEL = 0;
				GCC_PREPROCESSOR_DEFINITIONS = (
					"DEBUG=1",
					"$(inherited)",
				);
				GCC_WARN_64_TO_32_BIT_CONVERSION = YES;
				GCC_WARN_ABOUT_RETURN_TYPE = YES_ERROR;
				GCC_WARN_UNDECLARED_SELECTOR = YES;
				GCC_WARN_UNINITIALIZED_AUTOS = YES_AGGRESSIVE;
				GCC_WARN_UNUSED_FUNCTION = YES;
				GCC_WARN_UNUSED_VARIABLE = YES;
				MTL_ENABLE_DEBUG_INFO = INCLUDE_SOURCE;
				MTL_FAST_MATH = YES;
				ONLY_ACTIVE_ARCH = YES;
				SWIFT_ACTIVE_COMPILATION_CONDITIONS = DEBUG;
				SWIFT_OPTIMIZATION_LEVEL = "-Onone";
			};
			name = Debug;
		};
		29DF02EB2804449D007E23B3 /* Release */ = {
			isa = XCBuildConfiguration;
			buildSettings = {
				ALWAYS_SEARCH_USER_PATHS = NO;
				CLANG_ANALYZER_NONNULL = YES;
				CLANG_ANALYZER_NUMBER_OBJECT_CONVERSION = YES_AGGRESSIVE;
				CLANG_CXX_LANGUAGE_STANDARD = "gnu++17";
				CLANG_CXX_LIBRARY = "libc++";
				CLANG_ENABLE_MODULES = YES;
				CLANG_ENABLE_OBJC_ARC = YES;
				CLANG_ENABLE_OBJC_WEAK = YES;
				CLANG_WARN_BLOCK_CAPTURE_AUTORELEASING = YES;
				CLANG_WARN_BOOL_CONVERSION = YES;
				CLANG_WARN_COMMA = YES;
				CLANG_WARN_CONSTANT_CONVERSION = YES;
				CLANG_WARN_DEPRECATED_OBJC_IMPLEMENTATIONS = YES;
				CLANG_WARN_DIRECT_OBJC_ISA_USAGE = YES_ERROR;
				CLANG_WARN_DOCUMENTATION_COMMENTS = YES;
				CLANG_WARN_EMPTY_BODY = YES;
				CLANG_WARN_ENUM_CONVERSION = YES;
				CLANG_WARN_INFINITE_RECURSION = YES;
				CLANG_WARN_INT_CONVERSION = YES;
				CLANG_WARN_NON_LITERAL_NULL_CONVERSION = YES;
				CLANG_WARN_OBJC_IMPLICIT_RETAIN_SELF = YES;
				CLANG_WARN_OBJC_LITERAL_CONVERSION = YES;
				CLANG_WARN_OBJC_ROOT_CLASS = YES_ERROR;
				CLANG_WARN_QUOTED_INCLUDE_IN_FRAMEWORK_HEADER = YES;
				CLANG_WARN_RANGE_LOOP_ANALYSIS = YES;
				CLANG_WARN_STRICT_PROTOTYPES = YES;
				CLANG_WARN_SUSPICIOUS_MOVE = YES;
				CLANG_WARN_UNGUARDED_AVAILABILITY = YES_AGGRESSIVE;
				CLANG_WARN_UNREACHABLE_CODE = YES;
				CLANG_WARN__DUPLICATE_METHOD_MATCH = YES;
				COPY_PHASE_STRIP = NO;
				DEBUG_INFORMATION_FORMAT = "dwarf-with-dsym";
				ENABLE_NS_ASSERTIONS = NO;
				ENABLE_STRICT_OBJC_MSGSEND = YES;
				GCC_C_LANGUAGE_STANDARD = gnu11;
				GCC_NO_COMMON_BLOCKS = YES;
				GCC_WARN_64_TO_32_BIT_CONVERSION = YES;
				GCC_WARN_ABOUT_RETURN_TYPE = YES_ERROR;
				GCC_WARN_UNDECLARED_SELECTOR = YES;
				GCC_WARN_UNINITIALIZED_AUTOS = YES_AGGRESSIVE;
				GCC_WARN_UNUSED_FUNCTION = YES;
				GCC_WARN_UNUSED_VARIABLE = YES;
				MTL_ENABLE_DEBUG_INFO = NO;
				MTL_FAST_MATH = YES;
				SWIFT_COMPILATION_MODE = wholemodule;
				SWIFT_OPTIMIZATION_LEVEL = "-O";
			};
			name = Release;
		};
		29DF02ED2804449D007E23B3 /* Debug */ = {
			isa = XCBuildConfiguration;
			buildSettings = {
				ASSETCATALOG_COMPILER_APPICON_NAME = AppIcon;
				ASSETCATALOG_COMPILER_GLOBAL_ACCENT_COLOR_NAME = AccentColor;
				CODE_SIGN_STYLE = Automatic;
				CURRENT_PROJECT_VERSION = 1;
				ENABLE_PREVIEWS = YES;
				GENERATE_INFOPLIST_FILE = YES;
				INFOPLIST_KEY_UIApplicationSceneManifest_Generation = YES;
				INFOPLIST_KEY_UIApplicationSupportsIndirectInputEvents = YES;
				INFOPLIST_KEY_UILaunchScreen_Generation = YES;
				INFOPLIST_KEY_UISupportedInterfaceOrientations_iPad = "UIInterfaceOrientationPortrait UIInterfaceOrientationPortraitUpsideDown UIInterfaceOrientationLandscapeLeft UIInterfaceOrientationLandscapeRight";
				INFOPLIST_KEY_UISupportedInterfaceOrientations_iPhone = "UIInterfaceOrientationPortrait UIInterfaceOrientationLandscapeLeft UIInterfaceOrientationLandscapeRight";
				IPHONEOS_DEPLOYMENT_TARGET = 14.0;
				LD_RUNPATH_SEARCH_PATHS = (
					"$(inherited)",
					"@executable_path/Frameworks",
				);
				MARKETING_VERSION = 1.0;
				PRODUCT_BUNDLE_IDENTIFIER = skddk.coreDataSwiftUi;
				PRODUCT_NAME = coreDataSwiftUi;
				SDKROOT = iphoneos;
				SWIFT_EMIT_LOC_STRINGS = YES;
				SWIFT_VERSION = 5.0;
				TARGETED_DEVICE_FAMILY = "1,2";
			};
			name = Debug;
		};
		29DF02EE2804449D007E23B3 /* Release */ = {
			isa = XCBuildConfiguration;
			buildSettings = {
				ASSETCATALOG_COMPILER_APPICON_NAME = AppIcon;
				ASSETCATALOG_COMPILER_GLOBAL_ACCENT_COLOR_NAME = AccentColor;
				CODE_SIGN_STYLE = Automatic;
				CURRENT_PROJECT_VERSION = 1;
				ENABLE_PREVIEWS = YES;
				GENERATE_INFOPLIST_FILE = YES;
				INFOPLIST_KEY_UIApplicationSceneManifest_Generation = YES;
				INFOPLIST_KEY_UIApplicationSupportsIndirectInputEvents = YES;
				INFOPLIST_KEY_UILaunchScreen_Generation = YES;
				INFOPLIST_KEY_UISupportedInterfaceOrientations_iPad = "UIInterfaceOrientationPortrait UIInterfaceOrientationPortraitUpsideDown UIInterfaceOrientationLandscapeLeft UIInterfaceOrientationLandscapeRight";
				INFOPLIST_KEY_UISupportedInterfaceOrientations_iPhone = "UIInterfaceOrientationPortrait UIInterfaceOrientationLandscapeLeft UIInterfaceOrientationLandscapeRight";
				IPHONEOS_DEPLOYMENT_TARGET = 14.0;
				LD_RUNPATH_SEARCH_PATHS = (
					"$(inherited)",
					"@executable_path/Frameworks",
				);
				MARKETING_VERSION = 1.0;
				PRODUCT_BUNDLE_IDENTIFIER = skddk.coreDataSwiftUi;
				PRODUCT_NAME = coreDataSwiftUi;
				SDKROOT = iphoneos;
				SWIFT_EMIT_LOC_STRINGS = YES;
				SWIFT_VERSION = 5.0;
				TARGETED_DEVICE_FAMILY = "1,2";
				VALIDATE_PRODUCT = YES;
			};
			name = Release;
		};
		29DF02F02804449D007E23B3 /* Debug */ = {
			isa = XCBuildConfiguration;
			buildSettings = {
				ASSETCATALOG_COMPILER_APPICON_NAME = AppIcon;
				ASSETCATALOG_COMPILER_GLOBAL_ACCENT_COLOR_NAME = AccentColor;
				CODE_SIGN_ENTITLEMENTS = macOS/macOS.entitlements;
				CODE_SIGN_STYLE = Automatic;
				COMBINE_HIDPI_IMAGES = YES;
				CURRENT_PROJECT_VERSION = 1;
				ENABLE_PREVIEWS = YES;
				GENERATE_INFOPLIST_FILE = YES;
				INFOPLIST_KEY_NSHumanReadableCopyright = "";
				LD_RUNPATH_SEARCH_PATHS = (
					"$(inherited)",
					"@executable_path/../Frameworks",
				);
				MACOSX_DEPLOYMENT_TARGET = 12.0;
				MARKETING_VERSION = 1.0;
				PRODUCT_BUNDLE_IDENTIFIER = skddk.coreDataSwiftUi;
				PRODUCT_NAME = coreDataSwiftUi;
				SDKROOT = macosx;
				SWIFT_EMIT_LOC_STRINGS = YES;
				SWIFT_VERSION = 5.0;
			};
			name = Debug;
		};
		29DF02F12804449D007E23B3 /* Release */ = {
			isa = XCBuildConfiguration;
			buildSettings = {
				ASSETCATALOG_COMPILER_APPICON_NAME = AppIcon;
				ASSETCATALOG_COMPILER_GLOBAL_ACCENT_COLOR_NAME = AccentColor;
				CODE_SIGN_ENTITLEMENTS = macOS/macOS.entitlements;
				CODE_SIGN_STYLE = Automatic;
				COMBINE_HIDPI_IMAGES = YES;
				CURRENT_PROJECT_VERSION = 1;
				ENABLE_PREVIEWS = YES;
				GENERATE_INFOPLIST_FILE = YES;
				INFOPLIST_KEY_NSHumanReadableCopyright = "";
				LD_RUNPATH_SEARCH_PATHS = (
					"$(inherited)",
					"@executable_path/../Frameworks",
				);
				MACOSX_DEPLOYMENT_TARGET = 12.0;
				MARKETING_VERSION = 1.0;
				PRODUCT_BUNDLE_IDENTIFIER = skddk.coreDataSwiftUi;
				PRODUCT_NAME = coreDataSwiftUi;
				SDKROOT = macosx;
				SWIFT_EMIT_LOC_STRINGS = YES;
				SWIFT_VERSION = 5.0;
			};
			name = Release;
		};
/* End XCBuildConfiguration section */

/* Begin XCConfigurationList section */
		29DF02CB2804449D007E23B3 /* Build configuration list for PBXProject "coreDataSwiftUi" */ = {
			isa = XCConfigurationList;
			buildConfigurations = (
				29DF02EA2804449D007E23B3 /* Debug */,
				29DF02EB2804449D007E23B3 /* Release */,
			);
			defaultConfigurationIsVisible = 0;
			defaultConfigurationName = Release;
		};
		29DF02EC2804449D007E23B3 /* Build configuration list for PBXNativeTarget "coreDataSwiftUi (iOS)" */ = {
			isa = XCConfigurationList;
			buildConfigurations = (
				29DF02ED2804449D007E23B3 /* Debug */,
				29DF02EE2804449D007E23B3 /* Release */,
			);
			defaultConfigurationIsVisible = 0;
			defaultConfigurationName = Release;
		};
		29DF02EF2804449D007E23B3 /* Build configuration list for PBXNativeTarget "coreDataSwiftUi (macOS)" */ = {
			isa = XCConfigurationList;
			buildConfigurations = (
				29DF02F02804449D007E23B3 /* Debug */,
				29DF02F12804449D007E23B3 /* Release */,
			);
			defaultConfigurationIsVisible = 0;
			defaultConfigurationName = Release;
		};
/* End XCConfigurationList section */

/* Begin XCVersionGroup section */
		29DF02CD2804449D007E23B3 /* coreDataSwiftUi.xcdatamodeld */ = {
			isa = XCVersionGroup;
			children = (
				29DF02CE2804449D007E23B3 /* Shared.xcdatamodel */,
			);
			currentVersion = 29DF02CE2804449D007E23B3 /* Shared.xcdatamodel */;
			path = coreDataSwiftUi.xcdatamodeld;
			sourceTree = "<group>";
			versionGroupType = wrapper.xcdatamodel;
		};
/* End XCVersionGroup section */
	};
	rootObject = 29DF02C82804449D007E23B3 /* Project object */;
}
